
Microsoft Visual Studio Solution File, Format Version 12.00
# Visual Studio Version 17
VisualStudioVersion = 17.0.31903.59
MinimumVisualStudioVersion = 10.0.40219.1
Project("{2150E333-8FDC-42A3-9474-1A3956D46DE8}") = "Api", "Api", "{D82C56D6-B2CD-F611-9E31-04638F7EC30E}"
EndProject
Project("{2150E333-8FDC-42A3-9474-1A3956D46DE8}") = "Core", "Core", "{FBF56CC3-7AE6-AD2D-3F14-7F97FD322CD6}"
EndProject
Project("{FAE04EC0-301F-11D3-BF4B-00C04F79EFBC}") = "RA.Utilities.Core", "Core\RA.Utilities.Core\RA.Utilities.Core.csproj", "{DBD00038-A52D-4625-8B16-7723FECE9ED3}"
EndProject
Project("{2150E333-8FDC-42A3-9474-1A3956D46DE8}") = "Assets", "Assets", "{F9C182FD-9162-FD69-8F9D-F6E4642E19CF}"
EndProject
Project("{2150E333-8FDC-42A3-9474-1A3956D46DE8}") = "Images", "Images", "{73A781EF-EF54-0161-6B70-FEC8B8690D82}"
	ProjectSection(SolutionItems) = preProject
		test.text = test.text
	EndProjectSection
EndProject
Project("{FAE04EC0-301F-11D3-BF4B-00C04F79EFBC}") = "RA.Utilities.Core.Constants", "Core\RA.Utilities.Core.Constants\RA.Utilities.Core.Constants.csproj", "{06BD3999-8800-4F78-BFDF-F8B0B1959645}"
EndProject
Project("{FAE04EC0-301F-11D3-BF4B-00C04F79EFBC}") = "RA.Utilities.Core.Exceptions", "Core\RA.Utilities.Core.Exceptions\RA.Utilities.Core.Exceptions.csproj", "{29956AC5-37C0-4EBD-BD24-E90237543351}"
EndProject
Project("{FAE04EC0-301F-11D3-BF4B-00C04F79EFBC}") = "RA.Utilities.Api", "Api\RA.Utilities.Api\RA.Utilities.Api.csproj", "{10B209D2-1D63-4E91-BABE-BE230A504F3D}"
EndProject
Project("{FAE04EC0-301F-11D3-BF4B-00C04F79EFBC}") = "RA.Utilities.Api.Results", "Api\RA.Utilities.Api.Results\RA.Utilities.Api.Results.csproj", "{991BFED8-C91A-421F-939D-DC84DC85EEC1}"
EndProject
Project("{FAE04EC0-301F-11D3-BF4B-00C04F79EFBC}") = "RA.Utilities.Api.Middlewares", "Api\RA.Utilities.Api.Middlewares\RA.Utilities.Api.Middlewares.csproj", "{F2407402-9C11-4B47-8CF8-C96D4482F2A5}"
EndProject
Project("{2150E333-8FDC-42A3-9474-1A3956D46DE8}") = "Logging", "Logging", "{592BFD43-8236-1486-20CA-62D2F7ED4E57}"
EndProject
Project("{FAE04EC0-301F-11D3-BF4B-00C04F79EFBC}") = "RA.Utilities.Logging.Core", "Logging\RA.Utilities.Logging.Core\RA.Utilities.Logging.Core.csproj", "{F1C35F58-C99A-415B-B36F-E3F2C28574C7}"
EndProject
Project("{FAE04EC0-301F-11D3-BF4B-00C04F79EFBC}") = "RA.Utilities.Logging.Shared", "Logging\RA.Utilities.Logging.Shared\RA.Utilities.Logging.Shared.csproj", "{40874E65-082C-41C7-938D-A9B855957B84}"
EndProject
Project("{FAE04EC0-301F-11D3-BF4B-00C04F79EFBC}") = "RA.Utilities.Authentication.JwtBearer", "Api\RA.Utilities.Authentication.JwtBearer\RA.Utilities.Authentication.JwtBearer.csproj", "{4B504717-0D4A-4FFD-A244-73C1AC896D3A}"
EndProject
Project("{FAE04EC0-301F-11D3-BF4B-00C04F79EFBC}") = "RA.Utilities.Authorization", "Api\RA.Utilities.Authorization\RA.Utilities.Authorization.csproj", "{B014BA3F-E47E-432A-A539-5A082C5793A7}"
EndProject
Project("{FAE04EC0-301F-11D3-BF4B-00C04F79EFBC}") = "RA.Utilities.OpenApi", "Api\RA.Utilities.OpenApi\RA.Utilities.OpenApi.csproj", "{DF7E4233-3D49-43A5-99EE-B9A38880338C}"
EndProject
Project("{2150E333-8FDC-42A3-9474-1A3956D46DE8}") = "Data", "Data", "{015FE221-96B2-289B-A0E8-6E7354784A75}"
EndProject
Project("{FAE04EC0-301F-11D3-BF4B-00C04F79EFBC}") = "RA.Utilities.Data.Entities", "Data\RA.Utilities.Data.Entities\RA.Utilities.Data.Entities.csproj", "{122AF4C8-2885-47A1-BBEE-EDDCB15BCA1A}"
EndProject
Project("{FAE04EC0-301F-11D3-BF4B-00C04F79EFBC}") = "RA.Utilities.Data.Abstractions", "Data\RA.Utilities.Data.Abstractions\RA.Utilities.Data.Abstractions.csproj", "{5EF74679-154D-4B53-B5CB-EF86B1BFFF70}"
EndProject
Project("{FAE04EC0-301F-11D3-BF4B-00C04F79EFBC}") = "RA.Utilities.Data.EntityFramework", "Data\RA.Utilities.Data.EntityFramework\RA.Utilities.Data.EntityFramework.csproj", "{C3C6190F-086A-4854-8519-7E1B352CDAFC}"
EndProject
Project("{2150E333-8FDC-42A3-9474-1A3956D46DE8}") = "Infrastructure", "Infrastructure", "{DFEE68D8-A7D0-1A41-506C-9B74AA9A7B7B}"
EndProject
Project("{FAE04EC0-301F-11D3-BF4B-00C04F79EFBC}") = "RA.Utilities.Integrations", "Infrastructure\RA.Utilities.Integrations\RA.Utilities.Integrations.csproj", "{59560A65-1907-4BE7-851A-30F19E87FD5B}"
EndProject
Project("{2150E333-8FDC-42A3-9474-1A3956D46DE8}") = "Application", "Application", "{A74F262E-BDE7-D5D2-89E9-785413424D0A}"
EndProject
Project("{FAE04EC0-301F-11D3-BF4B-00C04F79EFBC}") = "RA.Utilities.Feature", "Application\RA.Utilities.Feature\RA.Utilities.Feature.csproj", "{B88D33D6-283C-4512-89B9-1DABAE29640E}"
EndProject
Project("{2150E333-8FDC-42A3-9474-1A3956D46DE8}") = "Solution Items", "Solution Items", "{089100B1-113F-4E66-888A-E83F3999EAFD}"
	ProjectSection(SolutionItems) = preProject
		.editorconfig = .editorconfig
		Directory.Build.props = Directory.Build.props
		Directory.Build.targets = Directory.Build.targets
		Directory.Packages.props = Directory.Packages.props
	EndProjectSection
EndProject
Project("{2150E333-8FDC-42A3-9474-1A3956D46DE8}") = "Tests", "Tests", "{0AB3BF05-4346-4AA6-1389-037BE0695223}"
EndProject
Project("{FAE04EC0-301F-11D3-BF4B-00C04F79EFBC}") = "RA.Utilities.Core.Tests", "RA.Utilities.Core.Tests\RA.Utilities.Core.Tests.csproj", "{E28287B7-FB70-40A7-97BB-6B07E7408070}"
EndProject
Global
	GlobalSection(SolutionConfigurationPlatforms) = preSolution
		Debug|Any CPU = Debug|Any CPU
		Debug|x64 = Debug|x64
		Debug|x86 = Debug|x86
		Release|Any CPU = Release|Any CPU
		Release|x64 = Release|x64
		Release|x86 = Release|x86
	EndGlobalSection
	GlobalSection(ProjectConfigurationPlatforms) = postSolution
		{DBD00038-A52D-4625-8B16-7723FECE9ED3}.Debug|Any CPU.ActiveCfg = Debug|Any CPU
		{DBD00038-A52D-4625-8B16-7723FECE9ED3}.Debug|Any CPU.Build.0 = Debug|Any CPU
		{DBD00038-A52D-4625-8B16-7723FECE9ED3}.Debug|x64.ActiveCfg = Debug|Any CPU
		{DBD00038-A52D-4625-8B16-7723FECE9ED3}.Debug|x64.Build.0 = Debug|Any CPU
		{DBD00038-A52D-4625-8B16-7723FECE9ED3}.Debug|x86.ActiveCfg = Debug|Any CPU
		{DBD00038-A52D-4625-8B16-7723FECE9ED3}.Debug|x86.Build.0 = Debug|Any CPU
		{DBD00038-A52D-4625-8B16-7723FECE9ED3}.Release|Any CPU.ActiveCfg = Release|Any CPU
		{DBD00038-A52D-4625-8B16-7723FECE9ED3}.Release|Any CPU.Build.0 = Release|Any CPU
		{DBD00038-A52D-4625-8B16-7723FECE9ED3}.Release|x64.ActiveCfg = Release|Any CPU
		{DBD00038-A52D-4625-8B16-7723FECE9ED3}.Release|x64.Build.0 = Release|Any CPU
		{DBD00038-A52D-4625-8B16-7723FECE9ED3}.Release|x86.ActiveCfg = Release|Any CPU
		{DBD00038-A52D-4625-8B16-7723FECE9ED3}.Release|x86.Build.0 = Release|Any CPU
		{06BD3999-8800-4F78-BFDF-F8B0B1959645}.Debug|Any CPU.ActiveCfg = Debug|Any CPU
		{06BD3999-8800-4F78-BFDF-F8B0B1959645}.Debug|Any CPU.Build.0 = Debug|Any CPU
		{06BD3999-8800-4F78-BFDF-F8B0B1959645}.Debug|x64.ActiveCfg = Debug|Any CPU
		{06BD3999-8800-4F78-BFDF-F8B0B1959645}.Debug|x64.Build.0 = Debug|Any CPU
		{06BD3999-8800-4F78-BFDF-F8B0B1959645}.Debug|x86.ActiveCfg = Debug|Any CPU
		{06BD3999-8800-4F78-BFDF-F8B0B1959645}.Debug|x86.Build.0 = Debug|Any CPU
		{06BD3999-8800-4F78-BFDF-F8B0B1959645}.Release|Any CPU.ActiveCfg = Release|Any CPU
		{06BD3999-8800-4F78-BFDF-F8B0B1959645}.Release|Any CPU.Build.0 = Release|Any CPU
		{06BD3999-8800-4F78-BFDF-F8B0B1959645}.Release|x64.ActiveCfg = Release|Any CPU
		{06BD3999-8800-4F78-BFDF-F8B0B1959645}.Release|x64.Build.0 = Release|Any CPU
		{06BD3999-8800-4F78-BFDF-F8B0B1959645}.Release|x86.ActiveCfg = Release|Any CPU
		{06BD3999-8800-4F78-BFDF-F8B0B1959645}.Release|x86.Build.0 = Release|Any CPU
		{29956AC5-37C0-4EBD-BD24-E90237543351}.Debug|Any CPU.ActiveCfg = Debug|Any CPU
		{29956AC5-37C0-4EBD-BD24-E90237543351}.Debug|Any CPU.Build.0 = Debug|Any CPU
		{29956AC5-37C0-4EBD-BD24-E90237543351}.Debug|x64.ActiveCfg = Debug|Any CPU
		{29956AC5-37C0-4EBD-BD24-E90237543351}.Debug|x64.Build.0 = Debug|Any CPU
		{29956AC5-37C0-4EBD-BD24-E90237543351}.Debug|x86.ActiveCfg = Debug|Any CPU
		{29956AC5-37C0-4EBD-BD24-E90237543351}.Debug|x86.Build.0 = Debug|Any CPU
		{29956AC5-37C0-4EBD-BD24-E90237543351}.Release|Any CPU.ActiveCfg = Release|Any CPU
		{29956AC5-37C0-4EBD-BD24-E90237543351}.Release|Any CPU.Build.0 = Release|Any CPU
		{29956AC5-37C0-4EBD-BD24-E90237543351}.Release|x64.ActiveCfg = Release|Any CPU
		{29956AC5-37C0-4EBD-BD24-E90237543351}.Release|x64.Build.0 = Release|Any CPU
		{29956AC5-37C0-4EBD-BD24-E90237543351}.Release|x86.ActiveCfg = Release|Any CPU
		{29956AC5-37C0-4EBD-BD24-E90237543351}.Release|x86.Build.0 = Release|Any CPU
		{10B209D2-1D63-4E91-BABE-BE230A504F3D}.Debug|Any CPU.ActiveCfg = Debug|Any CPU
		{10B209D2-1D63-4E91-BABE-BE230A504F3D}.Debug|Any CPU.Build.0 = Debug|Any CPU
		{10B209D2-1D63-4E91-BABE-BE230A504F3D}.Debug|x64.ActiveCfg = Debug|Any CPU
		{10B209D2-1D63-4E91-BABE-BE230A504F3D}.Debug|x64.Build.0 = Debug|Any CPU
		{10B209D2-1D63-4E91-BABE-BE230A504F3D}.Debug|x86.ActiveCfg = Debug|Any CPU
		{10B209D2-1D63-4E91-BABE-BE230A504F3D}.Debug|x86.Build.0 = Debug|Any CPU
		{10B209D2-1D63-4E91-BABE-BE230A504F3D}.Release|Any CPU.ActiveCfg = Release|Any CPU
		{10B209D2-1D63-4E91-BABE-BE230A504F3D}.Release|Any CPU.Build.0 = Release|Any CPU
		{10B209D2-1D63-4E91-BABE-BE230A504F3D}.Release|x64.ActiveCfg = Release|Any CPU
		{10B209D2-1D63-4E91-BABE-BE230A504F3D}.Release|x64.Build.0 = Release|Any CPU
		{10B209D2-1D63-4E91-BABE-BE230A504F3D}.Release|x86.ActiveCfg = Release|Any CPU
		{10B209D2-1D63-4E91-BABE-BE230A504F3D}.Release|x86.Build.0 = Release|Any CPU
		{991BFED8-C91A-421F-939D-DC84DC85EEC1}.Debug|Any CPU.ActiveCfg = Debug|Any CPU
		{991BFED8-C91A-421F-939D-DC84DC85EEC1}.Debug|Any CPU.Build.0 = Debug|Any CPU
		{991BFED8-C91A-421F-939D-DC84DC85EEC1}.Debug|x64.ActiveCfg = Debug|Any CPU
		{991BFED8-C91A-421F-939D-DC84DC85EEC1}.Debug|x64.Build.0 = Debug|Any CPU
		{991BFED8-C91A-421F-939D-DC84DC85EEC1}.Debug|x86.ActiveCfg = Debug|Any CPU
		{991BFED8-C91A-421F-939D-DC84DC85EEC1}.Debug|x86.Build.0 = Debug|Any CPU
		{991BFED8-C91A-421F-939D-DC84DC85EEC1}.Release|Any CPU.ActiveCfg = Release|Any CPU
		{991BFED8-C91A-421F-939D-DC84DC85EEC1}.Release|Any CPU.Build.0 = Release|Any CPU
		{991BFED8-C91A-421F-939D-DC84DC85EEC1}.Release|x64.ActiveCfg = Release|Any CPU
		{991BFED8-C91A-421F-939D-DC84DC85EEC1}.Release|x64.Build.0 = Release|Any CPU
		{991BFED8-C91A-421F-939D-DC84DC85EEC1}.Release|x86.ActiveCfg = Release|Any CPU
		{991BFED8-C91A-421F-939D-DC84DC85EEC1}.Release|x86.Build.0 = Release|Any CPU
		{F2407402-9C11-4B47-8CF8-C96D4482F2A5}.Debug|Any CPU.ActiveCfg = Debug|Any CPU
		{F2407402-9C11-4B47-8CF8-C96D4482F2A5}.Debug|Any CPU.Build.0 = Debug|Any CPU
		{F2407402-9C11-4B47-8CF8-C96D4482F2A5}.Debug|x64.ActiveCfg = Debug|Any CPU
		{F2407402-9C11-4B47-8CF8-C96D4482F2A5}.Debug|x64.Build.0 = Debug|Any CPU
		{F2407402-9C11-4B47-8CF8-C96D4482F2A5}.Debug|x86.ActiveCfg = Debug|Any CPU
		{F2407402-9C11-4B47-8CF8-C96D4482F2A5}.Debug|x86.Build.0 = Debug|Any CPU
		{F2407402-9C11-4B47-8CF8-C96D4482F2A5}.Release|Any CPU.ActiveCfg = Release|Any CPU
		{F2407402-9C11-4B47-8CF8-C96D4482F2A5}.Release|Any CPU.Build.0 = Release|Any CPU
		{F2407402-9C11-4B47-8CF8-C96D4482F2A5}.Release|x64.ActiveCfg = Release|Any CPU
		{F2407402-9C11-4B47-8CF8-C96D4482F2A5}.Release|x64.Build.0 = Release|Any CPU
		{F2407402-9C11-4B47-8CF8-C96D4482F2A5}.Release|x86.ActiveCfg = Release|Any CPU
		{F2407402-9C11-4B47-8CF8-C96D4482F2A5}.Release|x86.Build.0 = Release|Any CPU
		{F1C35F58-C99A-415B-B36F-E3F2C28574C7}.Debug|Any CPU.ActiveCfg = Debug|Any CPU
		{F1C35F58-C99A-415B-B36F-E3F2C28574C7}.Debug|Any CPU.Build.0 = Debug|Any CPU
		{F1C35F58-C99A-415B-B36F-E3F2C28574C7}.Debug|x64.ActiveCfg = Debug|Any CPU
		{F1C35F58-C99A-415B-B36F-E3F2C28574C7}.Debug|x64.Build.0 = Debug|Any CPU
		{F1C35F58-C99A-415B-B36F-E3F2C28574C7}.Debug|x86.ActiveCfg = Debug|Any CPU
		{F1C35F58-C99A-415B-B36F-E3F2C28574C7}.Debug|x86.Build.0 = Debug|Any CPU
		{F1C35F58-C99A-415B-B36F-E3F2C28574C7}.Release|Any CPU.ActiveCfg = Release|Any CPU
		{F1C35F58-C99A-415B-B36F-E3F2C28574C7}.Release|Any CPU.Build.0 = Release|Any CPU
		{F1C35F58-C99A-415B-B36F-E3F2C28574C7}.Release|x64.ActiveCfg = Release|Any CPU
		{F1C35F58-C99A-415B-B36F-E3F2C28574C7}.Release|x64.Build.0 = Release|Any CPU
		{F1C35F58-C99A-415B-B36F-E3F2C28574C7}.Release|x86.ActiveCfg = Release|Any CPU
		{F1C35F58-C99A-415B-B36F-E3F2C28574C7}.Release|x86.Build.0 = Release|Any CPU
		{40874E65-082C-41C7-938D-A9B855957B84}.Debug|Any CPU.ActiveCfg = Debug|Any CPU
		{40874E65-082C-41C7-938D-A9B855957B84}.Debug|Any CPU.Build.0 = Debug|Any CPU
		{40874E65-082C-41C7-938D-A9B855957B84}.Debug|x64.ActiveCfg = Debug|Any CPU
		{40874E65-082C-41C7-938D-A9B855957B84}.Debug|x64.Build.0 = Debug|Any CPU
		{40874E65-082C-41C7-938D-A9B855957B84}.Debug|x86.ActiveCfg = Debug|Any CPU
		{40874E65-082C-41C7-938D-A9B855957B84}.Debug|x86.Build.0 = Debug|Any CPU
		{40874E65-082C-41C7-938D-A9B855957B84}.Release|Any CPU.ActiveCfg = Release|Any CPU
		{40874E65-082C-41C7-938D-A9B855957B84}.Release|Any CPU.Build.0 = Release|Any CPU
		{40874E65-082C-41C7-938D-A9B855957B84}.Release|x64.ActiveCfg = Release|Any CPU
		{40874E65-082C-41C7-938D-A9B855957B84}.Release|x64.Build.0 = Release|Any CPU
		{40874E65-082C-41C7-938D-A9B855957B84}.Release|x86.ActiveCfg = Release|Any CPU
		{40874E65-082C-41C7-938D-A9B855957B84}.Release|x86.Build.0 = Release|Any CPU
		{4B504717-0D4A-4FFD-A244-73C1AC896D3A}.Debug|Any CPU.ActiveCfg = Debug|Any CPU
		{4B504717-0D4A-4FFD-A244-73C1AC896D3A}.Debug|Any CPU.Build.0 = Debug|Any CPU
		{4B504717-0D4A-4FFD-A244-73C1AC896D3A}.Debug|x64.ActiveCfg = Debug|Any CPU
		{4B504717-0D4A-4FFD-A244-73C1AC896D3A}.Debug|x64.Build.0 = Debug|Any CPU
		{4B504717-0D4A-4FFD-A244-73C1AC896D3A}.Debug|x86.ActiveCfg = Debug|Any CPU
		{4B504717-0D4A-4FFD-A244-73C1AC896D3A}.Debug|x86.Build.0 = Debug|Any CPU
		{4B504717-0D4A-4FFD-A244-73C1AC896D3A}.Release|Any CPU.ActiveCfg = Release|Any CPU
		{4B504717-0D4A-4FFD-A244-73C1AC896D3A}.Release|Any CPU.Build.0 = Release|Any CPU
		{4B504717-0D4A-4FFD-A244-73C1AC896D3A}.Release|x64.ActiveCfg = Release|Any CPU
		{4B504717-0D4A-4FFD-A244-73C1AC896D3A}.Release|x64.Build.0 = Release|Any CPU
		{4B504717-0D4A-4FFD-A244-73C1AC896D3A}.Release|x86.ActiveCfg = Release|Any CPU
		{4B504717-0D4A-4FFD-A244-73C1AC896D3A}.Release|x86.Build.0 = Release|Any CPU
		{B014BA3F-E47E-432A-A539-5A082C5793A7}.Debug|Any CPU.ActiveCfg = Debug|Any CPU
		{B014BA3F-E47E-432A-A539-5A082C5793A7}.Debug|Any CPU.Build.0 = Debug|Any CPU
		{B014BA3F-E47E-432A-A539-5A082C5793A7}.Debug|x64.ActiveCfg = Debug|Any CPU
		{B014BA3F-E47E-432A-A539-5A082C5793A7}.Debug|x64.Build.0 = Debug|Any CPU
		{B014BA3F-E47E-432A-A539-5A082C5793A7}.Debug|x86.ActiveCfg = Debug|Any CPU
		{B014BA3F-E47E-432A-A539-5A082C5793A7}.Debug|x86.Build.0 = Debug|Any CPU
		{B014BA3F-E47E-432A-A539-5A082C5793A7}.Release|Any CPU.ActiveCfg = Release|Any CPU
		{B014BA3F-E47E-432A-A539-5A082C5793A7}.Release|Any CPU.Build.0 = Release|Any CPU
		{B014BA3F-E47E-432A-A539-5A082C5793A7}.Release|x64.ActiveCfg = Release|Any CPU
		{B014BA3F-E47E-432A-A539-5A082C5793A7}.Release|x64.Build.0 = Release|Any CPU
		{B014BA3F-E47E-432A-A539-5A082C5793A7}.Release|x86.ActiveCfg = Release|Any CPU
		{B014BA3F-E47E-432A-A539-5A082C5793A7}.Release|x86.Build.0 = Release|Any CPU
		{DF7E4233-3D49-43A5-99EE-B9A38880338C}.Debug|Any CPU.ActiveCfg = Debug|Any CPU
		{DF7E4233-3D49-43A5-99EE-B9A38880338C}.Debug|Any CPU.Build.0 = Debug|Any CPU
		{DF7E4233-3D49-43A5-99EE-B9A38880338C}.Debug|x64.ActiveCfg = Debug|Any CPU
		{DF7E4233-3D49-43A5-99EE-B9A38880338C}.Debug|x64.Build.0 = Debug|Any CPU
		{DF7E4233-3D49-43A5-99EE-B9A38880338C}.Debug|x86.ActiveCfg = Debug|Any CPU
		{DF7E4233-3D49-43A5-99EE-B9A38880338C}.Debug|x86.Build.0 = Debug|Any CPU
		{DF7E4233-3D49-43A5-99EE-B9A38880338C}.Release|Any CPU.ActiveCfg = Release|Any CPU
		{DF7E4233-3D49-43A5-99EE-B9A38880338C}.Release|Any CPU.Build.0 = Release|Any CPU
		{DF7E4233-3D49-43A5-99EE-B9A38880338C}.Release|x64.ActiveCfg = Release|Any CPU
		{DF7E4233-3D49-43A5-99EE-B9A38880338C}.Release|x64.Build.0 = Release|Any CPU
		{DF7E4233-3D49-43A5-99EE-B9A38880338C}.Release|x86.ActiveCfg = Release|Any CPU
		{DF7E4233-3D49-43A5-99EE-B9A38880338C}.Release|x86.Build.0 = Release|Any CPU
		{122AF4C8-2885-47A1-BBEE-EDDCB15BCA1A}.Debug|Any CPU.ActiveCfg = Debug|Any CPU
		{122AF4C8-2885-47A1-BBEE-EDDCB15BCA1A}.Debug|Any CPU.Build.0 = Debug|Any CPU
		{122AF4C8-2885-47A1-BBEE-EDDCB15BCA1A}.Debug|x64.ActiveCfg = Debug|Any CPU
		{122AF4C8-2885-47A1-BBEE-EDDCB15BCA1A}.Debug|x64.Build.0 = Debug|Any CPU
		{122AF4C8-2885-47A1-BBEE-EDDCB15BCA1A}.Debug|x86.ActiveCfg = Debug|Any CPU
		{122AF4C8-2885-47A1-BBEE-EDDCB15BCA1A}.Debug|x86.Build.0 = Debug|Any CPU
		{122AF4C8-2885-47A1-BBEE-EDDCB15BCA1A}.Release|Any CPU.ActiveCfg = Release|Any CPU
		{122AF4C8-2885-47A1-BBEE-EDDCB15BCA1A}.Release|Any CPU.Build.0 = Release|Any CPU
		{122AF4C8-2885-47A1-BBEE-EDDCB15BCA1A}.Release|x64.ActiveCfg = Release|Any CPU
		{122AF4C8-2885-47A1-BBEE-EDDCB15BCA1A}.Release|x64.Build.0 = Release|Any CPU
		{122AF4C8-2885-47A1-BBEE-EDDCB15BCA1A}.Release|x86.ActiveCfg = Release|Any CPU
		{122AF4C8-2885-47A1-BBEE-EDDCB15BCA1A}.Release|x86.Build.0 = Release|Any CPU
		{5EF74679-154D-4B53-B5CB-EF86B1BFFF70}.Debug|Any CPU.ActiveCfg = Debug|Any CPU
		{5EF74679-154D-4B53-B5CB-EF86B1BFFF70}.Debug|Any CPU.Build.0 = Debug|Any CPU
		{5EF74679-154D-4B53-B5CB-EF86B1BFFF70}.Debug|x64.ActiveCfg = Debug|Any CPU
		{5EF74679-154D-4B53-B5CB-EF86B1BFFF70}.Debug|x64.Build.0 = Debug|Any CPU
		{5EF74679-154D-4B53-B5CB-EF86B1BFFF70}.Debug|x86.ActiveCfg = Debug|Any CPU
		{5EF74679-154D-4B53-B5CB-EF86B1BFFF70}.Debug|x86.Build.0 = Debug|Any CPU
		{5EF74679-154D-4B53-B5CB-EF86B1BFFF70}.Release|Any CPU.ActiveCfg = Release|Any CPU
		{5EF74679-154D-4B53-B5CB-EF86B1BFFF70}.Release|Any CPU.Build.0 = Release|Any CPU
		{5EF74679-154D-4B53-B5CB-EF86B1BFFF70}.Release|x64.ActiveCfg = Release|Any CPU
		{5EF74679-154D-4B53-B5CB-EF86B1BFFF70}.Release|x64.Build.0 = Release|Any CPU
		{5EF74679-154D-4B53-B5CB-EF86B1BFFF70}.Release|x86.ActiveCfg = Release|Any CPU
		{5EF74679-154D-4B53-B5CB-EF86B1BFFF70}.Release|x86.Build.0 = Release|Any CPU
		{C3C6190F-086A-4854-8519-7E1B352CDAFC}.Debug|Any CPU.ActiveCfg = Debug|Any CPU
		{C3C6190F-086A-4854-8519-7E1B352CDAFC}.Debug|Any CPU.Build.0 = Debug|Any CPU
		{C3C6190F-086A-4854-8519-7E1B352CDAFC}.Debug|x64.ActiveCfg = Debug|Any CPU
		{C3C6190F-086A-4854-8519-7E1B352CDAFC}.Debug|x64.Build.0 = Debug|Any CPU
		{C3C6190F-086A-4854-8519-7E1B352CDAFC}.Debug|x86.ActiveCfg = Debug|Any CPU
		{C3C6190F-086A-4854-8519-7E1B352CDAFC}.Debug|x86.Build.0 = Debug|Any CPU
		{C3C6190F-086A-4854-8519-7E1B352CDAFC}.Release|Any CPU.ActiveCfg = Release|Any CPU
		{C3C6190F-086A-4854-8519-7E1B352CDAFC}.Release|Any CPU.Build.0 = Release|Any CPU
		{C3C6190F-086A-4854-8519-7E1B352CDAFC}.Release|x64.ActiveCfg = Release|Any CPU
		{C3C6190F-086A-4854-8519-7E1B352CDAFC}.Release|x64.Build.0 = Release|Any CPU
		{C3C6190F-086A-4854-8519-7E1B352CDAFC}.Release|x86.ActiveCfg = Release|Any CPU
		{C3C6190F-086A-4854-8519-7E1B352CDAFC}.Release|x86.Build.0 = Release|Any CPU
		{59560A65-1907-4BE7-851A-30F19E87FD5B}.Debug|Any CPU.ActiveCfg = Debug|Any CPU
		{59560A65-1907-4BE7-851A-30F19E87FD5B}.Debug|Any CPU.Build.0 = Debug|Any CPU
		{59560A65-1907-4BE7-851A-30F19E87FD5B}.Debug|x64.ActiveCfg = Debug|Any CPU
		{59560A65-1907-4BE7-851A-30F19E87FD5B}.Debug|x64.Build.0 = Debug|Any CPU
		{59560A65-1907-4BE7-851A-30F19E87FD5B}.Debug|x86.ActiveCfg = Debug|Any CPU
		{59560A65-1907-4BE7-851A-30F19E87FD5B}.Debug|x86.Build.0 = Debug|Any CPU
		{59560A65-1907-4BE7-851A-30F19E87FD5B}.Release|Any CPU.ActiveCfg = Release|Any CPU
		{59560A65-1907-4BE7-851A-30F19E87FD5B}.Release|Any CPU.Build.0 = Release|Any CPU
		{59560A65-1907-4BE7-851A-30F19E87FD5B}.Release|x64.ActiveCfg = Release|Any CPU
		{59560A65-1907-4BE7-851A-30F19E87FD5B}.Release|x64.Build.0 = Release|Any CPU
		{59560A65-1907-4BE7-851A-30F19E87FD5B}.Release|x86.ActiveCfg = Release|Any CPU
		{59560A65-1907-4BE7-851A-30F19E87FD5B}.Release|x86.Build.0 = Release|Any CPU
		{B88D33D6-283C-4512-89B9-1DABAE29640E}.Debug|Any CPU.ActiveCfg = Debug|Any CPU
		{B88D33D6-283C-4512-89B9-1DABAE29640E}.Debug|Any CPU.Build.0 = Debug|Any CPU
		{B88D33D6-283C-4512-89B9-1DABAE29640E}.Debug|x64.ActiveCfg = Debug|Any CPU
		{B88D33D6-283C-4512-89B9-1DABAE29640E}.Debug|x64.Build.0 = Debug|Any CPU
		{B88D33D6-283C-4512-89B9-1DABAE29640E}.Debug|x86.ActiveCfg = Debug|Any CPU
		{B88D33D6-283C-4512-89B9-1DABAE29640E}.Debug|x86.Build.0 = Debug|Any CPU
		{B88D33D6-283C-4512-89B9-1DABAE29640E}.Release|Any CPU.ActiveCfg = Release|Any CPU
		{B88D33D6-283C-4512-89B9-1DABAE29640E}.Release|Any CPU.Build.0 = Release|Any CPU
		{B88D33D6-283C-4512-89B9-1DABAE29640E}.Release|x64.ActiveCfg = Release|Any CPU
		{B88D33D6-283C-4512-89B9-1DABAE29640E}.Release|x64.Build.0 = Release|Any CPU
		{B88D33D6-283C-4512-89B9-1DABAE29640E}.Release|x86.ActiveCfg = Release|Any CPU
		{B88D33D6-283C-4512-89B9-1DABAE29640E}.Release|x86.Build.0 = Release|Any CPU
		{E28287B7-FB70-40A7-97BB-6B07E7408070}.Debug|Any CPU.ActiveCfg = Debug|Any CPU
		{E28287B7-FB70-40A7-97BB-6B07E7408070}.Debug|Any CPU.Build.0 = Debug|Any CPU
		{E28287B7-FB70-40A7-97BB-6B07E7408070}.Debug|x64.ActiveCfg = Debug|Any CPU
		{E28287B7-FB70-40A7-97BB-6B07E7408070}.Debug|x64.Build.0 = Debug|Any CPU
		{E28287B7-FB70-40A7-97BB-6B07E7408070}.Debug|x86.ActiveCfg = Debug|Any CPU
		{E28287B7-FB70-40A7-97BB-6B07E7408070}.Debug|x86.Build.0 = Debug|Any CPU
		{E28287B7-FB70-40A7-97BB-6B07E7408070}.Release|Any CPU.ActiveCfg = Release|Any CPU
		{E28287B7-FB70-40A7-97BB-6B07E7408070}.Release|Any CPU.Build.0 = Release|Any CPU
		{E28287B7-FB70-40A7-97BB-6B07E7408070}.Release|x64.ActiveCfg = Release|Any CPU
		{E28287B7-FB70-40A7-97BB-6B07E7408070}.Release|x64.Build.0 = Release|Any CPU
		{E28287B7-FB70-40A7-97BB-6B07E7408070}.Release|x86.ActiveCfg = Release|Any CPU
		{E28287B7-FB70-40A7-97BB-6B07E7408070}.Release|x86.Build.0 = Release|Any CPU
	EndGlobalSection
	GlobalSection(SolutionProperties) = preSolution
		HideSolutionNode = FALSE
	EndGlobalSection
	GlobalSection(NestedProjects) = preSolution
		{DBD00038-A52D-4625-8B16-7723FECE9ED3} = {FBF56CC3-7AE6-AD2D-3F14-7F97FD322CD6}
		{73A781EF-EF54-0161-6B70-FEC8B8690D82} = {F9C182FD-9162-FD69-8F9D-F6E4642E19CF}
		{06BD3999-8800-4F78-BFDF-F8B0B1959645} = {FBF56CC3-7AE6-AD2D-3F14-7F97FD322CD6}
		{29956AC5-37C0-4EBD-BD24-E90237543351} = {FBF56CC3-7AE6-AD2D-3F14-7F97FD322CD6}
		{10B209D2-1D63-4E91-BABE-BE230A504F3D} = {D82C56D6-B2CD-F611-9E31-04638F7EC30E}
		{991BFED8-C91A-421F-939D-DC84DC85EEC1} = {D82C56D6-B2CD-F611-9E31-04638F7EC30E}
		{F2407402-9C11-4B47-8CF8-C96D4482F2A5} = {D82C56D6-B2CD-F611-9E31-04638F7EC30E}
		{F1C35F58-C99A-415B-B36F-E3F2C28574C7} = {592BFD43-8236-1486-20CA-62D2F7ED4E57}
		{40874E65-082C-41C7-938D-A9B855957B84} = {592BFD43-8236-1486-20CA-62D2F7ED4E57}
		{4B504717-0D4A-4FFD-A244-73C1AC896D3A} = {D82C56D6-B2CD-F611-9E31-04638F7EC30E}
		{B014BA3F-E47E-432A-A539-5A082C5793A7} = {D82C56D6-B2CD-F611-9E31-04638F7EC30E}
		{DF7E4233-3D49-43A5-99EE-B9A38880338C} = {D82C56D6-B2CD-F611-9E31-04638F7EC30E}
		{122AF4C8-2885-47A1-BBEE-EDDCB15BCA1A} = {015FE221-96B2-289B-A0E8-6E7354784A75}
		{5EF74679-154D-4B53-B5CB-EF86B1BFFF70} = {015FE221-96B2-289B-A0E8-6E7354784A75}
		{C3C6190F-086A-4854-8519-7E1B352CDAFC} = {015FE221-96B2-289B-A0E8-6E7354784A75}
		{59560A65-1907-4BE7-851A-30F19E87FD5B} = {DFEE68D8-A7D0-1A41-506C-9B74AA9A7B7B}
		{B88D33D6-283C-4512-89B9-1DABAE29640E} = {A74F262E-BDE7-D5D2-89E9-785413424D0A}
	EndGlobalSection
EndGlobal
